
Microsoft Visual Studio Solution File, Format Version 12.00
# Visual Studio Version 17
VisualStudioVersion = 17.0.32112.339
MinimumVisualStudioVersion = 10.0.40219.1
Project("{FAE04EC0-301F-11D3-BF4B-00C04F79EFBC}") = "SyncSoccerData", "SyncSoccerData\SyncSoccerData.csproj", "{92CCA194-B8B8-470E-AA4D-ECC07F8481BA}"
EndProject
Global
	GlobalSection(SolutionConfigurationPlatforms) = preSolution
		Debug|Any CPU = Debug|Any CPU
		Release|Any CPU = Release|Any CPU
	EndGlobalSection
	GlobalSection(ProjectConfigurationPlatforms) = postSolution
		{92CCA194-B8B8-470E-AA4D-ECC07F8481BA}.Debug|Any CPU.ActiveCfg = Debug|Any CPU
		{92CCA194-B8B8-470E-AA4D-ECC07F8481BA}.Debug|Any CPU.Build.0 = Debug|Any CPU
		{92CCA194-B8B8-470E-AA4D-ECC07F8481BA}.Release|Any CPU.ActiveCfg = Release|Any CPU
		{92CCA194-B8B8-470E-AA4D-ECC07F8481BA}.Release|Any CPU.Build.0 = Release|Any CPU
	EndGlobalSection
	GlobalSection(SolutionProperties) = preSolution
		HideSolutionNode = FALSE
	EndGlobalSection
	GlobalSection(ExtensibilityGlobals) = postSolution
		SolutionGuid = {B2C2A9BB-3E18-4E33-B1CC-01DA3881B7B4}
	EndGlobalSection
EndGlobal
